
Microsoft Visual Studio Solution File, Format Version 12.00
# Visual Studio Version 16
VisualStudioVersion = 16.0.30114.105
MinimumVisualStudioVersion = 10.0.40219.1
Project("{2150E333-8FDC-42A3-9474-1A3956D46DE8}") = "domain", "domain", "{7298689D-12EE-4066-A676-95CC88A7B8F4}"
EndProject
Project("{9A19103F-16F7-4668-BE54-9A1E7A4F7556}") = "Store", "domain\Store\Store.csproj", "{AADAE8B9-C442-49E0-BC50-C4BC780EE3FD}"
EndProject
Project("{2150E333-8FDC-42A3-9474-1A3956D46DE8}") = "infrastructure", "infrastructure", "{1BBCEBE9-16B0-44E3-BF2C-719113AA1596}"
EndProject
Project("{9A19103F-16F7-4668-BE54-9A1E7A4F7556}") = "Store.Memory", "infrastructure\Store.Memory\Store.Memory.csproj", "{BD1498BD-AF44-4B15-AA4F-15BE3FE8D89E}"
EndProject
Project("{2150E333-8FDC-42A3-9474-1A3956D46DE8}") = "presentation", "presentation", "{3D19F942-80A6-4CC6-B307-5A203F22D7F1}"
EndProject
Project("{9A19103F-16F7-4668-BE54-9A1E7A4F7556}") = "Store.Web", "presentation\Store.Web\Store.Web.csproj", "{2EBD2599-5F69-4DED-8212-DB79024FD067}"
EndProject
Project("{9A19103F-16F7-4668-BE54-9A1E7A4F7556}") = "Store.Tests", "domain\Store.Tests\Store.Tests.csproj", "{800255FB-653A-4CA3-95F7-0627B55D2629}"
EndProject
Project("{9A19103F-16F7-4668-BE54-9A1E7A4F7556}") = "Store.Web.Contractors", "presentation\Store.Web.Contractors\Store.Web.Contractors.csproj", "{1FC6864D-3EB9-42E7-9167-00A53B2E38F8}"
EndProject
Project("{2150E333-8FDC-42A3-9474-1A3956D46DE8}") = "plugins", "plugins", "{BFC51756-9661-494D-8F30-1530865ECFE3}"
EndProject
Project("{9A19103F-16F7-4668-BE54-9A1E7A4F7556}") = "Store.PrivatKasa", "plugins\Store.PrivatKasa\Store.PrivatKasa.csproj", "{1B62B7A6-D7E6-4EA9-AF04-1DF00B54DB6E}"
EndProject
Project("{2150E333-8FDC-42A3-9474-1A3956D46DE8}") = "application", "application", "{286E9842-7F08-40B3-8814-1ED91015127D}"
EndProject
Project("{FAE04EC0-301F-11D3-BF4B-00C04F79EFBC}") = "Store.Web.App", "application\Store.Web.App\Store.Web.App.csproj", "{80888696-5333-4AAD-8A4E-87FECC947935}"
EndProject
Global
	GlobalSection(SolutionConfigurationPlatforms) = preSolution
		Debug|Any CPU = Debug|Any CPU
		Debug|x64 = Debug|x64
		Debug|x86 = Debug|x86
		Release|Any CPU = Release|Any CPU
		Release|x64 = Release|x64
		Release|x86 = Release|x86
	EndGlobalSection
	GlobalSection(ProjectConfigurationPlatforms) = postSolution
		{AADAE8B9-C442-49E0-BC50-C4BC780EE3FD}.Debug|Any CPU.ActiveCfg = Debug|Any CPU
		{AADAE8B9-C442-49E0-BC50-C4BC780EE3FD}.Debug|Any CPU.Build.0 = Debug|Any CPU
		{AADAE8B9-C442-49E0-BC50-C4BC780EE3FD}.Debug|x64.ActiveCfg = Debug|Any CPU
		{AADAE8B9-C442-49E0-BC50-C4BC780EE3FD}.Debug|x64.Build.0 = Debug|Any CPU
		{AADAE8B9-C442-49E0-BC50-C4BC780EE3FD}.Debug|x86.ActiveCfg = Debug|Any CPU
		{AADAE8B9-C442-49E0-BC50-C4BC780EE3FD}.Debug|x86.Build.0 = Debug|Any CPU
		{AADAE8B9-C442-49E0-BC50-C4BC780EE3FD}.Release|Any CPU.ActiveCfg = Release|Any CPU
		{AADAE8B9-C442-49E0-BC50-C4BC780EE3FD}.Release|Any CPU.Build.0 = Release|Any CPU
		{AADAE8B9-C442-49E0-BC50-C4BC780EE3FD}.Release|x64.ActiveCfg = Release|Any CPU
		{AADAE8B9-C442-49E0-BC50-C4BC780EE3FD}.Release|x64.Build.0 = Release|Any CPU
		{AADAE8B9-C442-49E0-BC50-C4BC780EE3FD}.Release|x86.ActiveCfg = Release|Any CPU
		{AADAE8B9-C442-49E0-BC50-C4BC780EE3FD}.Release|x86.Build.0 = Release|Any CPU
		{BD1498BD-AF44-4B15-AA4F-15BE3FE8D89E}.Debug|Any CPU.ActiveCfg = Debug|Any CPU
		{BD1498BD-AF44-4B15-AA4F-15BE3FE8D89E}.Debug|Any CPU.Build.0 = Debug|Any CPU
		{BD1498BD-AF44-4B15-AA4F-15BE3FE8D89E}.Debug|x64.ActiveCfg = Debug|Any CPU
		{BD1498BD-AF44-4B15-AA4F-15BE3FE8D89E}.Debug|x64.Build.0 = Debug|Any CPU
		{BD1498BD-AF44-4B15-AA4F-15BE3FE8D89E}.Debug|x86.ActiveCfg = Debug|Any CPU
		{BD1498BD-AF44-4B15-AA4F-15BE3FE8D89E}.Debug|x86.Build.0 = Debug|Any CPU
		{BD1498BD-AF44-4B15-AA4F-15BE3FE8D89E}.Release|Any CPU.ActiveCfg = Release|Any CPU
		{BD1498BD-AF44-4B15-AA4F-15BE3FE8D89E}.Release|Any CPU.Build.0 = Release|Any CPU
		{BD1498BD-AF44-4B15-AA4F-15BE3FE8D89E}.Release|x64.ActiveCfg = Release|Any CPU
		{BD1498BD-AF44-4B15-AA4F-15BE3FE8D89E}.Release|x64.Build.0 = Release|Any CPU
		{BD1498BD-AF44-4B15-AA4F-15BE3FE8D89E}.Release|x86.ActiveCfg = Release|Any CPU
		{BD1498BD-AF44-4B15-AA4F-15BE3FE8D89E}.Release|x86.Build.0 = Release|Any CPU
		{2EBD2599-5F69-4DED-8212-DB79024FD067}.Debug|Any CPU.ActiveCfg = Debug|Any CPU
		{2EBD2599-5F69-4DED-8212-DB79024FD067}.Debug|Any CPU.Build.0 = Debug|Any CPU
		{2EBD2599-5F69-4DED-8212-DB79024FD067}.Debug|x64.ActiveCfg = Debug|Any CPU
		{2EBD2599-5F69-4DED-8212-DB79024FD067}.Debug|x64.Build.0 = Debug|Any CPU
		{2EBD2599-5F69-4DED-8212-DB79024FD067}.Debug|x86.ActiveCfg = Debug|Any CPU
		{2EBD2599-5F69-4DED-8212-DB79024FD067}.Debug|x86.Build.0 = Debug|Any CPU
		{2EBD2599-5F69-4DED-8212-DB79024FD067}.Release|Any CPU.ActiveCfg = Release|Any CPU
		{2EBD2599-5F69-4DED-8212-DB79024FD067}.Release|Any CPU.Build.0 = Release|Any CPU
		{2EBD2599-5F69-4DED-8212-DB79024FD067}.Release|x64.ActiveCfg = Release|Any CPU
		{2EBD2599-5F69-4DED-8212-DB79024FD067}.Release|x64.Build.0 = Release|Any CPU
		{2EBD2599-5F69-4DED-8212-DB79024FD067}.Release|x86.ActiveCfg = Release|Any CPU
		{2EBD2599-5F69-4DED-8212-DB79024FD067}.Release|x86.Build.0 = Release|Any CPU
		{800255FB-653A-4CA3-95F7-0627B55D2629}.Debug|Any CPU.ActiveCfg = Debug|Any CPU
		{800255FB-653A-4CA3-95F7-0627B55D2629}.Debug|Any CPU.Build.0 = Debug|Any CPU
		{800255FB-653A-4CA3-95F7-0627B55D2629}.Debug|x64.ActiveCfg = Debug|Any CPU
		{800255FB-653A-4CA3-95F7-0627B55D2629}.Debug|x64.Build.0 = Debug|Any CPU
		{800255FB-653A-4CA3-95F7-0627B55D2629}.Debug|x86.ActiveCfg = Debug|Any CPU
		{800255FB-653A-4CA3-95F7-0627B55D2629}.Debug|x86.Build.0 = Debug|Any CPU
		{800255FB-653A-4CA3-95F7-0627B55D2629}.Release|Any CPU.ActiveCfg = Release|Any CPU
		{800255FB-653A-4CA3-95F7-0627B55D2629}.Release|Any CPU.Build.0 = Release|Any CPU
		{800255FB-653A-4CA3-95F7-0627B55D2629}.Release|x64.ActiveCfg = Release|Any CPU
		{800255FB-653A-4CA3-95F7-0627B55D2629}.Release|x64.Build.0 = Release|Any CPU
		{800255FB-653A-4CA3-95F7-0627B55D2629}.Release|x86.ActiveCfg = Release|Any CPU
		{800255FB-653A-4CA3-95F7-0627B55D2629}.Release|x86.Build.0 = Release|Any CPU
		{1FC6864D-3EB9-42E7-9167-00A53B2E38F8}.Debug|Any CPU.ActiveCfg = Debug|Any CPU
		{1FC6864D-3EB9-42E7-9167-00A53B2E38F8}.Debug|Any CPU.Build.0 = Debug|Any CPU
		{1FC6864D-3EB9-42E7-9167-00A53B2E38F8}.Debug|x64.ActiveCfg = Debug|Any CPU
		{1FC6864D-3EB9-42E7-9167-00A53B2E38F8}.Debug|x64.Build.0 = Debug|Any CPU
		{1FC6864D-3EB9-42E7-9167-00A53B2E38F8}.Debug|x86.ActiveCfg = Debug|Any CPU
		{1FC6864D-3EB9-42E7-9167-00A53B2E38F8}.Debug|x86.Build.0 = Debug|Any CPU
		{1FC6864D-3EB9-42E7-9167-00A53B2E38F8}.Release|Any CPU.ActiveCfg = Release|Any CPU
		{1FC6864D-3EB9-42E7-9167-00A53B2E38F8}.Release|Any CPU.Build.0 = Release|Any CPU
		{1FC6864D-3EB9-42E7-9167-00A53B2E38F8}.Release|x64.ActiveCfg = Release|Any CPU
		{1FC6864D-3EB9-42E7-9167-00A53B2E38F8}.Release|x64.Build.0 = Release|Any CPU
		{1FC6864D-3EB9-42E7-9167-00A53B2E38F8}.Release|x86.ActiveCfg = Release|Any CPU
		{1FC6864D-3EB9-42E7-9167-00A53B2E38F8}.Release|x86.Build.0 = Release|Any CPU
		{1B62B7A6-D7E6-4EA9-AF04-1DF00B54DB6E}.Debug|Any CPU.ActiveCfg = Debug|Any CPU
		{1B62B7A6-D7E6-4EA9-AF04-1DF00B54DB6E}.Debug|Any CPU.Build.0 = Debug|Any CPU
		{1B62B7A6-D7E6-4EA9-AF04-1DF00B54DB6E}.Debug|x64.ActiveCfg = Debug|Any CPU
		{1B62B7A6-D7E6-4EA9-AF04-1DF00B54DB6E}.Debug|x64.Build.0 = Debug|Any CPU
		{1B62B7A6-D7E6-4EA9-AF04-1DF00B54DB6E}.Debug|x86.ActiveCfg = Debug|Any CPU
		{1B62B7A6-D7E6-4EA9-AF04-1DF00B54DB6E}.Debug|x86.Build.0 = Debug|Any CPU
		{1B62B7A6-D7E6-4EA9-AF04-1DF00B54DB6E}.Release|Any CPU.ActiveCfg = Release|Any CPU
		{1B62B7A6-D7E6-4EA9-AF04-1DF00B54DB6E}.Release|Any CPU.Build.0 = Release|Any CPU
		{1B62B7A6-D7E6-4EA9-AF04-1DF00B54DB6E}.Release|x64.ActiveCfg = Release|Any CPU
		{1B62B7A6-D7E6-4EA9-AF04-1DF00B54DB6E}.Release|x64.Build.0 = Release|Any CPU
		{1B62B7A6-D7E6-4EA9-AF04-1DF00B54DB6E}.Release|x86.ActiveCfg = Release|Any CPU
		{1B62B7A6-D7E6-4EA9-AF04-1DF00B54DB6E}.Release|x86.Build.0 = Release|Any CPU
		{80888696-5333-4AAD-8A4E-87FECC947935}.Debug|Any CPU.ActiveCfg = Debug|Any CPU
		{80888696-5333-4AAD-8A4E-87FECC947935}.Debug|Any CPU.Build.0 = Debug|Any CPU
		{80888696-5333-4AAD-8A4E-87FECC947935}.Debug|x64.ActiveCfg = Debug|Any CPU
		{80888696-5333-4AAD-8A4E-87FECC947935}.Debug|x64.Build.0 = Debug|Any CPU
		{80888696-5333-4AAD-8A4E-87FECC947935}.Debug|x86.ActiveCfg = Debug|Any CPU
		{80888696-5333-4AAD-8A4E-87FECC947935}.Debug|x86.Build.0 = Debug|Any CPU
		{80888696-5333-4AAD-8A4E-87FECC947935}.Release|Any CPU.ActiveCfg = Release|Any CPU
		{80888696-5333-4AAD-8A4E-87FECC947935}.Release|Any CPU.Build.0 = Release|Any CPU
		{80888696-5333-4AAD-8A4E-87FECC947935}.Release|x64.ActiveCfg = Release|Any CPU
		{80888696-5333-4AAD-8A4E-87FECC947935}.Release|x64.Build.0 = Release|Any CPU
		{80888696-5333-4AAD-8A4E-87FECC947935}.Release|x86.ActiveCfg = Release|Any CPU
		{80888696-5333-4AAD-8A4E-87FECC947935}.Release|x86.Build.0 = Release|Any CPU
	EndGlobalSection
	GlobalSection(SolutionProperties) = preSolution
		HideSolutionNode = FALSE
	EndGlobalSection
	GlobalSection(NestedProjects) = preSolution
		{AADAE8B9-C442-49E0-BC50-C4BC780EE3FD} = {7298689D-12EE-4066-A676-95CC88A7B8F4}
		{BD1498BD-AF44-4B15-AA4F-15BE3FE8D89E} = {1BBCEBE9-16B0-44E3-BF2C-719113AA1596}
		{2EBD2599-5F69-4DED-8212-DB79024FD067} = {3D19F942-80A6-4CC6-B307-5A203F22D7F1}
		{800255FB-653A-4CA3-95F7-0627B55D2629} = {7298689D-12EE-4066-A676-95CC88A7B8F4}
		{1FC6864D-3EB9-42E7-9167-00A53B2E38F8} = {3D19F942-80A6-4CC6-B307-5A203F22D7F1}
		{1B62B7A6-D7E6-4EA9-AF04-1DF00B54DB6E} = {BFC51756-9661-494D-8F30-1530865ECFE3}
		{80888696-5333-4AAD-8A4E-87FECC947935} = {286E9842-7F08-40B3-8814-1ED91015127D}
	EndGlobalSection
	GlobalSection(ExtensibilityGlobals) = postSolution
		SolutionGuid = {47ABE7A2-DF2B-43D9-AB2E-6C23E08D8BC5}
	EndGlobalSection
EndGlobal
